schema: '2.0'
stages:
  preprocess:
    cmd: python3 src/train/preprocess.py
    deps:
    - path: data/data.csv
      hash: md5
      md5: b3c509ff1bec723e9c1f2483f709e42c
      size: 18954317
    - path: src/train/preprocess.py
      hash: md5
      md5: 7fa334d3cad50633f991c52ff4e64a5d
      size: 2252
    outs:
    - path: artifacts/tag2idx.json
      hash: md5
      md5: 325cf36dd4c37ad431052e3778e40462
      size: 110
    - path: data/data.json
      hash: md5
      md5: 8ba80184895c27bebb3571c7afc4bce7
      size: 11621692
  retrain:
    cmd: python3 src/train/train.py
    deps:
    - path: artifacts/tag2idx.json
      hash: md5
      md5: 325cf36dd4c37ad431052e3778e40462
      size: 110
    - path: data/data.json
      hash: md5
      md5: 8ba80184895c27bebb3571c7afc4bce7
      size: 11621692
    outs:
    - path: artifacts/model.pt
      hash: md5
      md5: 30da181752810d82d722c0a822ddb832
      size: 48437191
    - path: artifacts/model_config.json
      hash: md5
      md5: 3081f700969ed8b02d7a90375eaee9cc
      size: 32
    - path: artifacts/vectorizer.pkl
      hash: md5
      md5: ef1131e237f3b06c49801df86d7cab83
      size: 88700
